// !$*UTF8*$!
{
	archiveVersion = 1;
	classes = {
	};
	objectVersion = 46;
	objects = {

/* Begin PBXBuildFile section */
		ACD4C7731657158D0025F3F5 /* JASidePanelController.m in Sources */ = {isa = PBXBuildFile; fileRef = ACD4C7721657158D0025F3F5 /* JASidePanelController.m */; };
		ACD4C776165716810025F3F5 /* LeftSidePanelController.m in Sources */ = {isa = PBXBuildFile; fileRef = ACD4C775165716810025F3F5 /* LeftSidePanelController.m */; };
		ACD4C77C16571A5D0025F3F5 /* QuartzCore.framework in Frameworks */ = {isa = PBXBuildFile; fileRef = ACD4C77B16571A5D0025F3F5 /* QuartzCore.framework */; };
		ACE03DCD16593B71009B6B0D /* UIViewController+JASidePanel.m in Sources */ = {isa = PBXBuildFile; fileRef = ACE03DCC16593B71009B6B0D /* UIViewController+JASidePanel.m */; };
		ACEBDC6616570CBE00CEFFE5 /* UIKit.framework in Frameworks */ = {isa = PBXBuildFile; fileRef = ACEBDC6516570CBE00CEFFE5 /* UIKit.framework */; };
		ACEBDC6816570CBE00CEFFE5 /* Foundation.framework in Frameworks */ = {isa = PBXBuildFile; fileRef = ACEBDC6716570CBE00CEFFE5 /* Foundation.framework */; };
		ACEBDC6A16570CBE00CEFFE5 /* CoreGraphics.framework in Frameworks */ = {isa = PBXBuildFile; fileRef = ACEBDC6916570CBE00CEFFE5 /* CoreGraphics.framework */; };
		ACEBDC7016570CBE00CEFFE5 /* InfoPlist.strings in Resources */ = {isa = PBXBuildFile; fileRef = ACEBDC6E16570CBE00CEFFE5 /* InfoPlist.strings */; };
		ACEBDC7216570CBE00CEFFE5 /* main.m in Sources */ = {isa = PBXBuildFile; fileRef = ACEBDC7116570CBE00CEFFE5 /* main.m */; };
		ACEBDC7616570CBE00CEFFE5 /* AppDelegate.m in Sources */ = {isa = PBXBuildFile; fileRef = ACEBDC7516570CBE00CEFFE5 /* AppDelegate.m */; };
		ACEBDC7816570CBE00CEFFE5 /* Default.png in Resources */ = {isa = PBXBuildFile; fileRef = ACEBDC7716570CBE00CEFFE5 /* Default.png */; };
		ACEBDC7A16570CBE00CEFFE5 /* Default@2x.png in Resources */ = {isa = PBXBuildFile; fileRef = ACEBDC7916570CBE00CEFFE5 /* Default@2x.png */; };
		ACEBDC7C16570CBE00CEFFE5 /* Default-568h@2x.png in Resources */ = {isa = PBXBuildFile; fileRef = ACEBDC7B16570CBE00CEFFE5 /* Default-568h@2x.png */; };
		ACEBDC7F16570CBF00CEFFE5 /* HomeViewController.m in Sources */ = {isa = PBXBuildFile; fileRef = ACEBDC7E16570CBE00CEFFE5 /* HomeViewController.m */; };
		ACEBDC8216570CBF00CEFFE5 /* HomeViewController_iPhone.xib in Resources */ = {isa = PBXBuildFile; fileRef = ACEBDC8016570CBF00CEFFE5 /* HomeViewController_iPhone.xib */; };
		ACEBDC8516570CBF00CEFFE5 /* HomeViewController_iPad.xib in Resources */ = {isa = PBXBuildFile; fileRef = ACEBDC8316570CBF00CEFFE5 /* HomeViewController_iPad.xib */; };
/* End PBXBuildFile section */

/* Begin PBXFileReference section */
		ACD4C7711657158D0025F3F5 /* JASidePanelController.h */ = {isa = PBXFileReference; fileEncoding = 4; lastKnownFileType = sourcecode.c.h; path = JASidePanelController.h; sourceTree = "<group>"; };
		ACD4C7721657158D0025F3F5 /* JASidePanelController.m */ = {isa = PBXFileReference; fileEncoding = 4; lastKnownFileType = sourcecode.c.objc; path = JASidePanelController.m; sourceTree = "<group>"; };
		ACD4C774165716810025F3F5 /* LeftSidePanelController.h */ = {isa = PBXFileReference; fileEncoding = 4; lastKnownFileType = sourcecode.c.h; path = LeftSidePanelController.h; sourceTree = "<group>"; };
		ACD4C775165716810025F3F5 /* LeftSidePanelController.m */ = {isa = PBXFileReference; fileEncoding = 4; lastKnownFileType = sourcecode.c.objc; path = LeftSidePanelController.m; sourceTree = "<group>"; };
		ACD4C77B16571A5D0025F3F5 /* QuartzCore.framework */ = {isa = PBXFileReference; lastKnownFileType = wrapper.framework; name = QuartzCore.framework; path = System/Library/Frameworks/QuartzCore.framework; sourceTree = SDKROOT; };
		ACE03DCB16593B71009B6B0D /* UIViewController+JASidePanel.h */ = {isa = PBXFileReference; fileEncoding = 4; lastKnownFileType = sourcecode.c.h; path = "UIViewController+JASidePanel.h"; sourceTree = "<group>"; };
		ACE03DCC16593B71009B6B0D /* UIViewController+JASidePanel.m */ = {isa = PBXFileReference; fileEncoding = 4; lastKnownFileType = sourcecode.c.objc; path = "UIViewController+JASidePanel.m"; sourceTree = "<group>"; };
		ACEBDC6116570CBE00CEFFE5 /* ClubMedici.app */ = {isa = PBXFileReference; explicitFileType = wrapper.application; includeInIndex = 0; path = ClubMedici.app; sourceTree = BUILT_PRODUCTS_DIR; };
		ACEBDC6516570CBE00CEFFE5 /* UIKit.framework */ = {isa = PBXFileReference; lastKnownFileType = wrapper.framework; name = UIKit.framework; path = System/Library/Frameworks/UIKit.framework; sourceTree = SDKROOT; };
		ACEBDC6716570CBE00CEFFE5 /* Foundation.framework */ = {isa = PBXFileReference; lastKnownFileType = wrapper.framework; name = Foundation.framework; path = System/Library/Frameworks/Foundation.framework; sourceTree = SDKROOT; };
		ACEBDC6916570CBE00CEFFE5 /* CoreGraphics.framework */ = {isa = PBXFileReference; lastKnownFileType = wrapper.framework; name = CoreGraphics.framework; path = System/Library/Frameworks/CoreGraphics.framework; sourceTree = SDKROOT; };
		ACEBDC6D16570CBE00CEFFE5 /* ClubMedici-Info.plist */ = {isa = PBXFileReference; lastKnownFileType = text.plist.xml; path = "ClubMedici-Info.plist"; sourceTree = "<group>"; };
		ACEBDC6F16570CBE00CEFFE5 /* en */ = {isa = PBXFileReference; lastKnownFileType = text.plist.strings; name = en; path = en.lproj/InfoPlist.strings; sourceTree = "<group>"; };
		ACEBDC7116570CBE00CEFFE5 /* main.m */ = {isa = PBXFileReference; lastKnownFileType = sourcecode.c.objc; path = main.m; sourceTree = "<group>"; };
		ACEBDC7316570CBE00CEFFE5 /* ClubMedici-Prefix.pch */ = {isa = PBXFileReference; lastKnownFileType = sourcecode.c.h; path = "ClubMedici-Prefix.pch"; sourceTree = "<group>"; };
		ACEBDC7416570CBE00CEFFE5 /* AppDelegate.h */ = {isa = PBXFileReference; lastKnownFileType = sourcecode.c.h; path = AppDelegate.h; sourceTree = "<group>"; };
		ACEBDC7516570CBE00CEFFE5 /* AppDelegate.m */ = {isa = PBXFileReference; lastKnownFileType = sourcecode.c.objc; path = AppDelegate.m; sourceTree = "<group>"; };
		ACEBDC7716570CBE00CEFFE5 /* Default.png */ = {isa = PBXFileReference; lastKnownFileType = image.png; path = Default.png; sourceTree = "<group>"; };
		ACEBDC7916570CBE00CEFFE5 /* Default@2x.png */ = {isa = PBXFileReference; lastKnownFileType = image.png; path = "Default@2x.png"; sourceTree = "<group>"; };
		ACEBDC7B16570CBE00CEFFE5 /* Default-568h@2x.png */ = {isa = PBXFileReference; lastKnownFileType = image.png; path = "Default-568h@2x.png"; sourceTree = "<group>"; };
		ACEBDC7D16570CBE00CEFFE5 /* HomeViewController.h */ = {isa = PBXFileReference; lastKnownFileType = sourcecode.c.h; path = HomeViewController.h; sourceTree = "<group>"; };
		ACEBDC7E16570CBE00CEFFE5 /* HomeViewController.m */ = {isa = PBXFileReference; lastKnownFileType = sourcecode.c.objc; path = HomeViewController.m; sourceTree = "<group>"; };
		ACEBDC8116570CBF00CEFFE5 /* en */ = {isa = PBXFileReference; lastKnownFileType = file.xib; name = en; path = en.lproj/HomeViewController_iPhone.xib; sourceTree = "<group>"; };
		ACEBDC8416570CBF00CEFFE5 /* en */ = {isa = PBXFileReference; lastKnownFileType = file.xib; name = en; path = en.lproj/HomeViewController_iPad.xib; sourceTree = "<group>"; };
/* End PBXFileReference section */

/* Begin PBXFrameworksBuildPhase section */
		ACEBDC5E16570CBE00CEFFE5 /* Frameworks */ = {
			isa = PBXFrameworksBuildPhase;
			buildActionMask = 2147483647;
			files = (
				ACD4C77C16571A5D0025F3F5 /* QuartzCore.framework in Frameworks */,
				ACEBDC6616570CBE00CEFFE5 /* UIKit.framework in Frameworks */,
				ACEBDC6816570CBE00CEFFE5 /* Foundation.framework in Frameworks */,
				ACEBDC6A16570CBE00CEFFE5 /* CoreGraphics.framework in Frameworks */,
			);
			runOnlyForDeploymentPostprocessing = 0;
		};
/* End PBXFrameworksBuildPhase section */

/* Begin PBXGroup section */
		ACD4C76F165715460025F3F5 /* Librerie esterne */ = {
			isa = PBXGroup;
			children = (
				ACE03DCB16593B71009B6B0D /* UIViewController+JASidePanel.h */,
				ACE03DCC16593B71009B6B0D /* UIViewController+JASidePanel.m */,
				ACD4C7711657158D0025F3F5 /* JASidePanelController.h */,
				ACD4C7721657158D0025F3F5 /* JASidePanelController.m */,
			);
			name = "Librerie esterne";
			sourceTree = "<group>";
		};
		ACEBDC5616570CBE00CEFFE5 = {
			isa = PBXGroup;
			children = (
				ACEBDC6B16570CBE00CEFFE5 /* ClubMedici */,
				ACEBDC6416570CBE00CEFFE5 /* Frameworks */,
				ACEBDC6216570CBE00CEFFE5 /* Products */,
			);
			sourceTree = "<group>";
		};
		ACEBDC6216570CBE00CEFFE5 /* Products */ = {
			isa = PBXGroup;
			children = (
				ACEBDC6116570CBE00CEFFE5 /* ClubMedici.app */,
			);
			name = Products;
			sourceTree = "<group>";
		};
		ACEBDC6416570CBE00CEFFE5 /* Frameworks */ = {
			isa = PBXGroup;
			children = (
				ACD4C77B16571A5D0025F3F5 /* QuartzCore.framework */,
				ACEBDC6516570CBE00CEFFE5 /* UIKit.framework */,
				ACEBDC6716570CBE00CEFFE5 /* Foundation.framework */,
				ACEBDC6916570CBE00CEFFE5 /* CoreGraphics.framework */,
			);
			name = Frameworks;
			sourceTree = "<group>";
		};
		ACEBDC6B16570CBE00CEFFE5 /* ClubMedici */ = {
			isa = PBXGroup;
			children = (
				ACEBDC7416570CBE00CEFFE5 /* AppDelegate.h */,
				ACEBDC7516570CBE00CEFFE5 /* AppDelegate.m */,
				ACEBDC7D16570CBE00CEFFE5 /* HomeViewController.h */,
				ACEBDC7E16570CBE00CEFFE5 /* HomeViewController.m */,
				ACEBDC8016570CBF00CEFFE5 /* HomeViewController_iPhone.xib */,
				ACEBDC8316570CBF00CEFFE5 /* HomeViewController_iPad.xib */,
				ACD4C774165716810025F3F5 /* LeftSidePanelController.h */,
				ACD4C775165716810025F3F5 /* LeftSidePanelController.m */,
				ACD4C76F165715460025F3F5 /* Librerie esterne */,
				ACEBDC6C16570CBE00CEFFE5 /* Supporting Files */,
			);
			path = ClubMedici;
			sourceTree = "<group>";
		};
		ACEBDC6C16570CBE00CEFFE5 /* Supporting Files */ = {
			isa = PBXGroup;
			children = (
				ACEBDC6D16570CBE00CEFFE5 /* ClubMedici-Info.plist */,
				ACEBDC6E16570CBE00CEFFE5 /* InfoPlist.strings */,
				ACEBDC7116570CBE00CEFFE5 /* main.m */,
				ACEBDC7316570CBE00CEFFE5 /* ClubMedici-Prefix.pch */,
				ACEBDC7716570CBE00CEFFE5 /* Default.png */,
				ACEBDC7916570CBE00CEFFE5 /* Default@2x.png */,
				ACEBDC7B16570CBE00CEFFE5 /* Default-568h@2x.png */,
			);
			name = "Supporting Files";
			sourceTree = "<group>";
		};
/* End PBXGroup section */

/* Begin PBXNativeTarget section */
		ACEBDC6016570CBE00CEFFE5 /* ClubMedici */ = {
			isa = PBXNativeTarget;
			buildConfigurationList = ACEBDC8816570CBF00CEFFE5 /* Build configuration list for PBXNativeTarget "ClubMedici" */;
			buildPhases = (
				ACEBDC5D16570CBE00CEFFE5 /* Sources */,
				ACEBDC5E16570CBE00CEFFE5 /* Frameworks */,
				ACEBDC5F16570CBE00CEFFE5 /* Resources */,
			);
			buildRules = (
			);
			dependencies = (
			);
			name = ClubMedici;
			productName = ClubMedici;
			productReference = ACEBDC6116570CBE00CEFFE5 /* ClubMedici.app */;
			productType = "com.apple.product-type.application";
		};
/* End PBXNativeTarget section */

/* Begin PBXProject section */
		ACEBDC5816570CBE00CEFFE5 /* Project object */ = {
			isa = PBXProject;
			attributes = {
				LastUpgradeCheck = 0450;
				ORGANIZATIONNAME = "mario greco";
			};
			buildConfigurationList = ACEBDC5B16570CBE00CEFFE5 /* Build configuration list for PBXProject "ClubMedici" */;
			compatibilityVersion = "Xcode 3.2";
			developmentRegion = English;
			hasScannedForEncodings = 0;
			knownRegions = (
				en,
			);
			mainGroup = ACEBDC5616570CBE00CEFFE5;
			productRefGroup = ACEBDC6216570CBE00CEFFE5 /* Products */;
			projectDirPath = "";
			projectRoot = "";
			targets = (
				ACEBDC6016570CBE00CEFFE5 /* ClubMedici */,
			);
		};
/* End PBXProject section */

/* Begin PBXResourcesBuildPhase section */
		ACEBDC5F16570CBE00CEFFE5 /* Resources */ = {
			isa = PBXResourcesBuildPhase;
			buildActionMask = 2147483647;
			files = (
				ACEBDC7016570CBE00CEFFE5 /* InfoPlist.strings in Resources */,
				ACEBDC7816570CBE00CEFFE5 /* Default.png in Resources */,
				ACEBDC7A16570CBE00CEFFE5 /* Default@2x.png in Resources */,
				ACEBDC7C16570CBE00CEFFE5 /* Default-568h@2x.png in Resources */,
				ACEBDC8216570CBF00CEFFE5 /* HomeViewController_iPhone.xib in Resources */,
				ACEBDC8516570CBF00CEFFE5 /* HomeViewController_iPad.xib in Resources */,
			);
			runOnlyForDeploymentPostprocessing = 0;
		};
/* End PBXResourcesBuildPhase section */

/* Begin PBXSourcesBuildPhase section */
		ACEBDC5D16570CBE00CEFFE5 /* Sources */ = {
			isa = PBXSourcesBuildPhase;
			buildActionMask = 2147483647;
			files = (
				ACEBDC7216570CBE00CEFFE5 /* main.m in Sources */,
				ACEBDC7616570CBE00CEFFE5 /* AppDelegate.m in Sources */,
				ACEBDC7F16570CBF00CEFFE5 /* HomeViewController.m in Sources */,
				ACD4C7731657158D0025F3F5 /* JASidePanelController.m in Sources */,
				ACD4C776165716810025F3F5 /* LeftSidePanelController.m in Sources */,
				ACE03DCD16593B71009B6B0D /* UIViewController+JASidePanel.m in Sources */,
			);
			runOnlyForDeploymentPostprocessing = 0;
		};
/* End PBXSourcesBuildPhase section */

/* Begin PBXVariantGroup section */
		ACEBDC6E16570CBE00CEFFE5 /* InfoPlist.strings */ = {
			isa = PBXVariantGroup;
			children = (
				ACEBDC6F16570CBE00CEFFE5 /* en */,
			);
			name = InfoPlist.strings;
			sourceTree = "<group>";
		};
		ACEBDC8016570CBF00CEFFE5 /* HomeViewController_iPhone.xib */ = {
			isa = PBXVariantGroup;
			children = (
				ACEBDC8116570CBF00CEFFE5 /* en */,
			);
			name = HomeViewController_iPhone.xib;
			sourceTree = "<group>";
		};
		ACEBDC8316570CBF00CEFFE5 /* HomeViewController_iPad.xib */ = {
			isa = PBXVariantGroup;
			children = (
				ACEBDC8416570CBF00CEFFE5 /* en */,
			);
			name = HomeViewController_iPad.xib;
			sourceTree = "<group>";
		};
/* End PBXVariantGroup section */

/* Begin XCBuildConfiguration section */
		ACEBDC8616570CBF00CEFFE5 /* Debug */ = {
			isa = XCBuildConfiguration;
			buildSettings = {
				ALWAYS_SEARCH_USER_PATHS = NO;
				CLANG_CXX_LANGUAGE_STANDARD = "gnu++0x";
				CLANG_CXX_LIBRARY = "libc++";
				CLANG_ENABLE_OBJC_ARC = YES;
				CLANG_WARN_EMPTY_BODY = YES;
				CLANG_WARN__DUPLICATE_METHOD_MATCH = YES;
				"CODE_SIGN_IDENTITY[sdk=iphoneos*]" = "iPhone Developer";
				COPY_PHASE_STRIP = NO;
				GCC_C_LANGUAGE_STANDARD = gnu99;
				GCC_DYNAMIC_NO_PIC = NO;
				GCC_OPTIMIZATION_LEVEL = 0;
				GCC_PREPROCESSOR_DEFINITIONS = (
					"DEBUG=1",
					"$(inherited)",
				);
				GCC_SYMBOLS_PRIVATE_EXTERN = NO;
				GCC_WARN_ABOUT_RETURN_TYPE = YES;
				GCC_WARN_UNINITIALIZED_AUTOS = YES;
				GCC_WARN_UNUSED_VARIABLE = YES;
				IPHONEOS_DEPLOYMENT_TARGET = 6.0;
				ONLY_ACTIVE_ARCH = YES;
				SDKROOT = iphoneos;
				TARGETED_DEVICE_FAMILY = "1,2";
			};
			name = Debug;
		};
		ACEBDC8716570CBF00CEFFE5 /* Release */ = {
			isa = XCBuildConfiguration;
			buildSettings = {
				ALWAYS_SEARCH_USER_PATHS = NO;
				CLANG_CXX_LANGUAGE_STANDARD = "gnu++0x";
				CLANG_CXX_LIBRARY = "libc++";
				CLANG_ENABLE_OBJC_ARC = YES;
				CLANG_WARN_EMPTY_BODY = YES;
				CLANG_WARN__DUPLICATE_METHOD_MATCH = YES;
				"CODE_SIGN_IDENTITY[sdk=iphoneos*]" = "iPhone Developer";
				COPY_PHASE_STRIP = YES;
				GCC_C_LANGUAGE_STANDARD = gnu99;
				GCC_WARN_ABOUT_RETURN_TYPE = YES;
				GCC_WARN_UNINITIALIZED_AUTOS = YES;
				GCC_WARN_UNUSED_VARIABLE = YES;
				IPHONEOS_DEPLOYMENT_TARGET = 6.0;
				OTHER_CFLAGS = "-DNS_BLOCK_ASSERTIONS=1";
				SDKROOT = iphoneos;
				TARGETED_DEVICE_FAMILY = "1,2";
				VALIDATE_PRODUCT = YES;
			};
			name = Release;
		};
		ACEBDC8916570CBF00CEFFE5 /* Debug */ = {
			isa = XCBuildConfiguration;
			buildSettings = {
				GCC_PRECOMPILE_PREFIX_HEADER = YES;
				GCC_PREFIX_HEADER = "ClubMedici/ClubMedici-Prefix.pch";
				INFOPLIST_FILE = "ClubMedici/ClubMedici-Info.plist";
				IPHONEOS_DEPLOYMENT_TARGET = 5.0;
				PRODUCT_NAME = "$(TARGET_NAME)";
				WRAPPER_EXTENSION = app;
			};
			name = Debug;
		};
		ACEBDC8A16570CBF00CEFFE5 /* Release */ = {
			isa = XCBuildConfiguration;
			buildSettings = {
				GCC_PRECOMPILE_PREFIX_HEADER = YES;
				GCC_PREFIX_HEADER = "ClubMedici/ClubMedici-Prefix.pch";
				INFOPLIST_FILE = "ClubMedici/ClubMedici-Info.plist";
				IPHONEOS_DEPLOYMENT_TARGET = 5.0;
				PRODUCT_NAME = "$(TARGET_NAME)";
				WRAPPER_EXTENSION = app;
			};
			name = Release;
		};
/* End XCBuildConfiguration section */

/* Begin XCConfigurationList section */
		ACEBDC5B16570CBE00CEFFE5 /* Build configuration list for PBXProject "ClubMedici" */ = {
			isa = XCConfigurationList;
			buildConfigurations = (
				ACEBDC8616570CBF00CEFFE5 /* Debug */,
				ACEBDC8716570CBF00CEFFE5 /* Release */,
			);
			defaultConfigurationIsVisible = 0;
			defaultConfigurationName = Release;
		};
		ACEBDC8816570CBF00CEFFE5 /* Build configuration list for PBXNativeTarget "ClubMedici" */ = {
			isa = XCConfigurationList;
			buildConfigurations = (
				ACEBDC8916570CBF00CEFFE5 /* Debug */,
				ACEBDC8A16570CBF00CEFFE5 /* Release */,
			);
			defaultConfigurationIsVisible = 0;
			defaultConfigurationName = Release;
		};
/* End XCConfigurationList section */
	};
	rootObject = ACEBDC5816570CBE00CEFFE5 /* Project object */;
}
